hash: 108bf26b0ad1beb04b947108aefd01a198211600172fd9544168756ac72c12fa
updated: 2017-09-07T16:42:39.233061563+08:00
imports:
- name: github.com/gin-gonic/gin
  version: d459835d2b077e44f7c9b453505ee29881d5d12d
- name: gopkg.in/mgo.v2
  version: 3f83fa5005286a7fe593b055f0d7771a7dce4655
testImports: []
